// !$*UTF8*$!
{
	archiveVersion = 1;
	classes = {
	};
	objectVersion = 55;
	objects = {

/* Begin PBXBuildFile section */
		3906247D28C9EA55002CDD1C /* RunnerTests.m in Sources */ = {isa = PBXBuildFile; fileRef = 3906247C28C9EA55002CDD1C /* RunnerTests.m */; };
		3906247F28C9EA55002CDD1C /* RunnerTestsLaunchTests.m in Sources */ = {isa = PBXBuildFile; fileRef = 3906247E28C9EA55002CDD1C /* RunnerTestsLaunchTests.m */; };
		39EBD41E28BF6DFF0073128E /* Tests_iOS.swift in Sources */ = {isa = PBXBuildFile; fileRef = 39EBD41D28BF6DFF0073128E /* Tests_iOS.swift */; };
		39EBD42028BF6DFF0073128E /* Tests_iOSLaunchTests.swift in Sources */ = {isa = PBXBuildFile; fileRef = 39EBD41F28BF6DFF0073128E /* Tests_iOSLaunchTests.swift */; };
		39EBD42A28BF6DFF0073128E /* Tests_macOS.swift in Sources */ = {isa = PBXBuildFile; fileRef = 39EBD42928BF6DFF0073128E /* Tests_macOS.swift */; };
		39EBD42C28BF6DFF0073128E /* Tests_macOSLaunchTests.swift in Sources */ = {isa = PBXBuildFile; fileRef = 39EBD42B28BF6DFF0073128E /* Tests_macOSLaunchTests.swift */; };
		39EBD42D28BF6DFF0073128E /* native_ios_appApp.swift in Sources */ = {isa = PBXBuildFile; fileRef = 39EBD40528BF6DFE0073128E /* native_ios_appApp.swift */; };
		39EBD42E28BF6DFF0073128E /* native_ios_appApp.swift in Sources */ = {isa = PBXBuildFile; fileRef = 39EBD40528BF6DFE0073128E /* native_ios_appApp.swift */; };
		39EBD42F28BF6DFF0073128E /* ContentView.swift in Sources */ = {isa = PBXBuildFile; fileRef = 39EBD40628BF6DFE0073128E /* ContentView.swift */; };
		39EBD43028BF6DFF0073128E /* ContentView.swift in Sources */ = {isa = PBXBuildFile; fileRef = 39EBD40628BF6DFE0073128E /* ContentView.swift */; };
		39EBD43128BF6DFF0073128E /* Assets.xcassets in Resources */ = {isa = PBXBuildFile; fileRef = 39EBD40728BF6DFF0073128E /* Assets.xcassets */; };
		39EBD43228BF6DFF0073128E /* Assets.xcassets in Resources */ = {isa = PBXBuildFile; fileRef = 39EBD40728BF6DFF0073128E /* Assets.xcassets */; };
		39EBD44828BF70150073128E /* native_ios_appUITests.swift in Sources */ = {isa = PBXBuildFile; fileRef = 39EBD44728BF70150073128E /* native_ios_appUITests.swift */; };
		39EBD44A28BF70150073128E /* native_ios_appUITestsLaunchTests.swift in Sources */ = {isa = PBXBuildFile; fileRef = 39EBD44928BF70150073128E /* native_ios_appUITestsLaunchTests.swift */; };
		7224A74B25ECD7853F32BDE0 /* Pods_native_ios_app__iOS_.framework in Frameworks */ = {isa = PBXBuildFile; fileRef = 3A799FF22551F4B86221155A /* Pods_native_ios_app__iOS_.framework */; };
		9078A894C78781476071B13B /* Pods_native_ios_app__macOS_.framework in Frameworks */ = {isa = PBXBuildFile; fileRef = 48F339EC03AAF1DF84070757 /* Pods_native_ios_app__macOS_.framework */; };
/* End PBXBuildFile section */

/* Begin PBXContainerItemProxy section */
		3906248028C9EA55002CDD1C /* PBXContainerItemProxy */ = {
			isa = PBXContainerItemProxy;
			containerPortal = 39EBD40028BF6DFE0073128E /* Project object */;
			proxyType = 1;
			remoteGlobalIDString = 39EBD40B28BF6DFF0073128E;
			remoteInfo = "native_ios_app (iOS)";
		};
		39EBD41A28BF6DFF0073128E /* PBXContainerItemProxy */ = {
			isa = PBXContainerItemProxy;
			containerPortal = 39EBD40028BF6DFE0073128E /* Project object */;
			proxyType = 1;
			remoteGlobalIDString = 39EBD40B28BF6DFF0073128E;
			remoteInfo = "native_ios_app (iOS)";
		};
		39EBD42628BF6DFF0073128E /* PBXContainerItemProxy */ = {
			isa = PBXContainerItemProxy;
			containerPortal = 39EBD40028BF6DFE0073128E /* Project object */;
			proxyType = 1;
			remoteGlobalIDString = 39EBD41128BF6DFF0073128E;
			remoteInfo = "native_ios_app (macOS)";
		};
		39EBD44B28BF70150073128E /* PBXContainerItemProxy */ = {
			isa = PBXContainerItemProxy;
			containerPortal = 39EBD40028BF6DFE0073128E /* Project object */;
			proxyType = 1;
			remoteGlobalIDString = 39EBD40B28BF6DFF0073128E;
			remoteInfo = "native_ios_app (iOS)";
		};
/* End PBXContainerItemProxy section */

/* Begin PBXFileReference section */
		3906247A28C9EA55002CDD1C /* RunnerTests.xctest */ = {isa = PBXFileReference; explicitFileType = wrapper.cfbundle; includeInIndex = 0; path = RunnerTests.xctest; sourceTree = BUILT_PRODUCTS_DIR; };
		3906247C28C9EA55002CDD1C /* RunnerTests.m */ = {isa = PBXFileReference; lastKnownFileType = sourcecode.c.objc; path = RunnerTests.m; sourceTree = "<group>"; };
		3906247E28C9EA55002CDD1C /* RunnerTestsLaunchTests.m */ = {isa = PBXFileReference; lastKnownFileType = sourcecode.c.objc; path = RunnerTestsLaunchTests.m; sourceTree = "<group>"; };
		39EBD40528BF6DFE0073128E /* native_ios_appApp.swift */ = {isa = PBXFileReference; lastKnownFileType = sourcecode.swift; path = native_ios_appApp.swift; sourceTree = "<group>"; };
		39EBD40628BF6DFE0073128E /* ContentView.swift */ = {isa = PBXFileReference; lastKnownFileType = sourcecode.swift; path = ContentView.swift; sourceTree = "<group>"; };
		39EBD40728BF6DFF0073128E /* Assets.xcassets */ = {isa = PBXFileReference; lastKnownFileType = folder.assetcatalog; path = Assets.xcassets; sourceTree = "<group>"; };
		39EBD40C28BF6DFF0073128E /* native_ios_app.app */ = {isa = PBXFileReference; explicitFileType = wrapper.application; includeInIndex = 0; path = native_ios_app.app; sourceTree = BUILT_PRODUCTS_DIR; };
		39EBD41228BF6DFF0073128E /* native_ios_app.app */ = {isa = PBXFileReference; explicitFileType = wrapper.application; includeInIndex = 0; path = native_ios_app.app; sourceTree = BUILT_PRODUCTS_DIR; };
		39EBD41428BF6DFF0073128E /* macOS.entitlements */ = {isa = PBXFileReference; lastKnownFileType = text.plist.entitlements; path = macOS.entitlements; sourceTree = "<group>"; };
		39EBD41928BF6DFF0073128E /* Tests iOS.xctest */ = {isa = PBXFileReference; explicitFileType = wrapper.cfbundle; includeInIndex = 0; path = "Tests iOS.xctest"; sourceTree = BUILT_PRODUCTS_DIR; };
		39EBD41D28BF6DFF0073128E /* Tests_iOS.swift */ = {isa = PBXFileReference; lastKnownFileType = sourcecode.swift; path = Tests_iOS.swift; sourceTree = "<group>"; };
		39EBD41F28BF6DFF0073128E /* Tests_iOSLaunchTests.swift */ = {isa = PBXFileReference; lastKnownFileType = sourcecode.swift; path = Tests_iOSLaunchTests.swift; sourceTree = "<group>"; };
		39EBD42528BF6DFF0073128E /* Tests macOS.xctest */ = {isa = PBXFileReference; explicitFileType = wrapper.cfbundle; includeInIndex = 0; path = "Tests macOS.xctest"; sourceTree = BUILT_PRODUCTS_DIR; };
		39EBD42928BF6DFF0073128E /* Tests_macOS.swift */ = {isa = PBXFileReference; lastKnownFileType = sourcecode.swift; path = Tests_macOS.swift; sourceTree = "<group>"; };
		39EBD42B28BF6DFF0073128E /* Tests_macOSLaunchTests.swift */ = {isa = PBXFileReference; lastKnownFileType = sourcecode.swift; path = Tests_macOSLaunchTests.swift; sourceTree = "<group>"; };
		39EBD44528BF70150073128E /* native_ios_appUITests.xctest */ = {isa = PBXFileReference; explicitFileType = wrapper.cfbundle; includeInIndex = 0; path = native_ios_appUITests.xctest; sourceTree = BUILT_PRODUCTS_DIR; };
		39EBD44728BF70150073128E /* native_ios_appUITests.swift */ = {isa = PBXFileReference; lastKnownFileType = sourcecode.swift; path = native_ios_appUITests.swift; sourceTree = "<group>"; };
		39EBD44928BF70150073128E /* native_ios_appUITestsLaunchTests.swift */ = {isa = PBXFileReference; lastKnownFileType = sourcecode.swift; path = native_ios_appUITestsLaunchTests.swift; sourceTree = "<group>"; };
		3A799FF22551F4B86221155A /* Pods_native_ios_app__iOS_.framework */ = {isa = PBXFileReference; explicitFileType = wrapper.framework; includeInIndex = 0; path = Pods_native_ios_app__iOS_.framework; sourceTree = BUILT_PRODUCTS_DIR; };
		46BAD23276C6DB34C4E7E91D /* Pods-native_ios_app (macOS).debug.xcconfig */ = {isa = PBXFileReference; includeInIndex = 1; lastKnownFileType = text.xcconfig; name = "Pods-native_ios_app (macOS).debug.xcconfig"; path = "Target Support Files/Pods-native_ios_app (macOS)/Pods-native_ios_app (macOS).debug.xcconfig"; sourceTree = "<group>"; };
		48F339EC03AAF1DF84070757 /* Pods_native_ios_app__macOS_.framework */ = {isa = PBXFileReference; explicitFileType = wrapper.framework; includeInIndex = 0; path = Pods_native_ios_app__macOS_.framework; sourceTree = BUILT_PRODUCTS_DIR; };
		860E70A7A73C6E4E7759570B /* Pods-native_ios_app (macOS).release.xcconfig */ = {isa = PBXFileReference; includeInIndex = 1; lastKnownFileType = text.xcconfig; name = "Pods-native_ios_app (macOS).release.xcconfig"; path = "Target Support Files/Pods-native_ios_app (macOS)/Pods-native_ios_app (macOS).release.xcconfig"; sourceTree = "<group>"; };
		9EEDE8DD09FFF960B4A1F033 /* Pods-native_ios_app (iOS).debug.xcconfig */ = {isa = PBXFileReference; includeInIndex = 1; lastKnownFileType = text.xcconfig; name = "Pods-native_ios_app (iOS).debug.xcconfig"; path = "Target Support Files/Pods-native_ios_app (iOS)/Pods-native_ios_app (iOS).debug.xcconfig"; sourceTree = "<group>"; };
		BB2EB4BED0A1D1F9B9FBEED4 /* Pods-native_ios_app (iOS).release.xcconfig */ = {isa = PBXFileReference; includeInIndex = 1; lastKnownFileType = text.xcconfig; name = "Pods-native_ios_app (iOS).release.xcconfig"; path = "Target Support Files/Pods-native_ios_app (iOS)/Pods-native_ios_app (iOS).release.xcconfig"; sourceTree = "<group>"; };
/* End PBXFileReference section */

/* Begin PBXFrameworksBuildPhase section */
		3906247728C9EA55002CDD1C /* Frameworks */ = {
			isa = PBXFrameworksBuildPhase;
			buildActionMask = 2147483647;
			files = (
			);
			runOnlyForDeploymentPostprocessing = 0;
		};
		39EBD40928BF6DFF0073128E /* Frameworks */ = {
			isa = PBXFrameworksBuildPhase;
			buildActionMask = 2147483647;
			files = (
				7224A74B25ECD7853F32BDE0 /* Pods_native_ios_app__iOS_.framework in Frameworks */,
			);
			runOnlyForDeploymentPostprocessing = 0;
		};
		39EBD40F28BF6DFF0073128E /* Frameworks */ = {
			isa = PBXFrameworksBuildPhase;
			buildActionMask = 2147483647;
			files = (
				9078A894C78781476071B13B /* Pods_native_ios_app__macOS_.framework in Frameworks */,
			);
			runOnlyForDeploymentPostprocessing = 0;
		};
		39EBD41628BF6DFF0073128E /* Frameworks */ = {
			isa = PBXFrameworksBuildPhase;
			buildActionMask = 2147483647;
			files = (
			);
			runOnlyForDeploymentPostprocessing = 0;
		};
		39EBD42228BF6DFF0073128E /* Frameworks */ = {
			isa = PBXFrameworksBuildPhase;
			buildActionMask = 2147483647;
			files = (
			);
			runOnlyForDeploymentPostprocessing = 0;
		};
		39EBD44228BF70150073128E /* Frameworks */ = {
			isa = PBXFrameworksBuildPhase;
			buildActionMask = 2147483647;
			files = (
			);
			runOnlyForDeploymentPostprocessing = 0;
		};
/* End PBXFrameworksBuildPhase section */

/* Begin PBXGroup section */
		01851126AD4B72B9B8A93949 /* Pods */ = {
			isa = PBXGroup;
			children = (
				9EEDE8DD09FFF960B4A1F033 /* Pods-native_ios_app (iOS).debug.xcconfig */,
				BB2EB4BED0A1D1F9B9FBEED4 /* Pods-native_ios_app (iOS).release.xcconfig */,
				46BAD23276C6DB34C4E7E91D /* Pods-native_ios_app (macOS).debug.xcconfig */,
				860E70A7A73C6E4E7759570B /* Pods-native_ios_app (macOS).release.xcconfig */,
			);
			path = Pods;
			sourceTree = "<group>";
		};
		3906247B28C9EA55002CDD1C /* RunnerTests */ = {
			isa = PBXGroup;
			children = (
				3906247C28C9EA55002CDD1C /* RunnerTests.m */,
				3906247E28C9EA55002CDD1C /* RunnerTestsLaunchTests.m */,
			);
			path = RunnerTests;
			sourceTree = "<group>";
		};
		39AC6426C5A36BE38087342F /* Frameworks */ = {
			isa = PBXGroup;
			children = (
				3A799FF22551F4B86221155A /* Pods_native_ios_app__iOS_.framework */,
				48F339EC03AAF1DF84070757 /* Pods_native_ios_app__macOS_.framework */,
			);
			name = Frameworks;
			sourceTree = "<group>";
		};
		39EBD3FF28BF6DFE0073128E = {
			isa = PBXGroup;
			children = (
				39EBD40428BF6DFE0073128E /* Shared */,
				39EBD41328BF6DFF0073128E /* macOS */,
				39EBD41C28BF6DFF0073128E /* Tests iOS */,
				39EBD42828BF6DFF0073128E /* Tests macOS */,
				39EBD44628BF70150073128E /* native_ios_appUITests */,
				3906247B28C9EA55002CDD1C /* RunnerTests */,
				39EBD40D28BF6DFF0073128E /* Products */,
				01851126AD4B72B9B8A93949 /* Pods */,
				39AC6426C5A36BE38087342F /* Frameworks */,
			);
			sourceTree = "<group>";
		};
		39EBD40428BF6DFE0073128E /* Shared */ = {
			isa = PBXGroup;
			children = (
				39EBD40528BF6DFE0073128E /* native_ios_appApp.swift */,
				39EBD40628BF6DFE0073128E /* ContentView.swift */,
				39EBD40728BF6DFF0073128E /* Assets.xcassets */,
			);
			path = Shared;
			sourceTree = "<group>";
		};
		39EBD40D28BF6DFF0073128E /* Products */ = {
			isa = PBXGroup;
			children = (
				39EBD40C28BF6DFF0073128E /* native_ios_app.app */,
				39EBD41228BF6DFF0073128E /* native_ios_app.app */,
				39EBD41928BF6DFF0073128E /* Tests iOS.xctest */,
				39EBD42528BF6DFF0073128E /* Tests macOS.xctest */,
				39EBD44528BF70150073128E /* native_ios_appUITests.xctest */,
				3906247A28C9EA55002CDD1C /* RunnerTests.xctest */,
			);
			name = Products;
			sourceTree = "<group>";
		};
		39EBD41328BF6DFF0073128E /* macOS */ = {
			isa = PBXGroup;
			children = (
				39EBD41428BF6DFF0073128E /* macOS.entitlements */,
			);
			path = macOS;
			sourceTree = "<group>";
		};
		39EBD41C28BF6DFF0073128E /* Tests iOS */ = {
			isa = PBXGroup;
			children = (
				39EBD41D28BF6DFF0073128E /* Tests_iOS.swift */,
				39EBD41F28BF6DFF0073128E /* Tests_iOSLaunchTests.swift */,
			);
			path = "Tests iOS";
			sourceTree = "<group>";
		};
		39EBD42828BF6DFF0073128E /* Tests macOS */ = {
			isa = PBXGroup;
			children = (
				39EBD42928BF6DFF0073128E /* Tests_macOS.swift */,
				39EBD42B28BF6DFF0073128E /* Tests_macOSLaunchTests.swift */,
			);
			path = "Tests macOS";
			sourceTree = "<group>";
		};
		39EBD44628BF70150073128E /* native_ios_appUITests */ = {
			isa = PBXGroup;
			children = (
				39EBD44728BF70150073128E /* native_ios_appUITests.swift */,
				39EBD44928BF70150073128E /* native_ios_appUITestsLaunchTests.swift */,
			);
			path = native_ios_appUITests;
			sourceTree = "<group>";
		};
/* End PBXGroup section */

/* Begin PBXNativeTarget section */
		3906247928C9EA55002CDD1C /* RunnerTests */ = {
			isa = PBXNativeTarget;
			buildConfigurationList = 3906248428C9EA55002CDD1C /* Build configuration list for PBXNativeTarget "RunnerTests" */;
			buildPhases = (
				3906247628C9EA55002CDD1C /* Sources */,
				3906247728C9EA55002CDD1C /* Frameworks */,
				3906247828C9EA55002CDD1C /* Resources */,
			);
			buildRules = (
			);
			dependencies = (
				3906248128C9EA55002CDD1C /* PBXTargetDependency */,
			);
			name = RunnerTests;
			productName = RunnerTests;
			productReference = 3906247A28C9EA55002CDD1C /* RunnerTests.xctest */;
			productType = "com.apple.product-type.bundle.ui-testing";
		};
		39EBD40B28BF6DFF0073128E /* native_ios_app (iOS) */ = {
			isa = PBXNativeTarget;
			buildConfigurationList = 39EBD43528BF6DFF0073128E /* Build configuration list for PBXNativeTarget "native_ios_app (iOS)" */;
			buildPhases = (
				E3B2DD53F14D595AB4C6F104 /* [CP] Check Pods Manifest.lock */,
				39EBD40828BF6DFF0073128E /* Sources */,
				39EBD40928BF6DFF0073128E /* Frameworks */,
				39EBD40A28BF6DFF0073128E /* Resources */,
			);
			buildRules = (
			);
			dependencies = (
			);
			name = "native_ios_app (iOS)";
			productName = "native_ios_app (iOS)";
			productReference = 39EBD40C28BF6DFF0073128E /* native_ios_app.app */;
			productType = "com.apple.product-type.application";
		};
		39EBD41128BF6DFF0073128E /* native_ios_app (macOS) */ = {
			isa = PBXNativeTarget;
			buildConfigurationList = 39EBD43828BF6DFF0073128E /* Build configuration list for PBXNativeTarget "native_ios_app (macOS)" */;
			buildPhases = (
				FF3EEE2DEEA7AA6E96A464B5 /* [CP] Check Pods Manifest.lock */,
				39EBD40E28BF6DFF0073128E /* Sources */,
				39EBD40F28BF6DFF0073128E /* Frameworks */,
				39EBD41028BF6DFF0073128E /* Resources */,
			);
			buildRules = (
			);
			dependencies = (
			);
			name = "native_ios_app (macOS)";
			productName = "native_ios_app (macOS)";
			productReference = 39EBD41228BF6DFF0073128E /* native_ios_app.app */;
			productType = "com.apple.product-type.application";
		};
		39EBD41828BF6DFF0073128E /* Tests iOS */ = {
			isa = PBXNativeTarget;
			buildConfigurationList = 39EBD43B28BF6DFF0073128E /* Build configuration list for PBXNativeTarget "Tests iOS" */;
			buildPhases = (
				39EBD41528BF6DFF0073128E /* Sources */,
				39EBD41628BF6DFF0073128E /* Frameworks */,
				39EBD41728BF6DFF0073128E /* Resources */,
			);
			buildRules = (
			);
			dependencies = (
				39EBD41B28BF6DFF0073128E /* PBXTargetDependency */,
			);
			name = "Tests iOS";
			productName = "Tests iOS";
			productReference = 39EBD41928BF6DFF0073128E /* Tests iOS.xctest */;
			productType = "com.apple.product-type.bundle.ui-testing";
		};
		39EBD42428BF6DFF0073128E /* Tests macOS */ = {
			isa = PBXNativeTarget;
			buildConfigurationList = 39EBD43E28BF6DFF0073128E /* Build configuration list for PBXNativeTarget "Tests macOS" */;
			buildPhases = (
				39EBD42128BF6DFF0073128E /* Sources */,
				39EBD42228BF6DFF0073128E /* Frameworks */,
				39EBD42328BF6DFF0073128E /* Resources */,
			);
			buildRules = (
			);
			dependencies = (
				39EBD42728BF6DFF0073128E /* PBXTargetDependency */,
			);
			name = "Tests macOS";
			productName = "Tests macOS";
			productReference = 39EBD42528BF6DFF0073128E /* Tests macOS.xctest */;
			productType = "com.apple.product-type.bundle.ui-testing";
		};
		39EBD44428BF70150073128E /* native_ios_appUITests */ = {
			isa = PBXNativeTarget;
			buildConfigurationList = 39EBD44F28BF70150073128E /* Build configuration list for PBXNativeTarget "native_ios_appUITests" */;
			buildPhases = (
				39EBD44128BF70150073128E /* Sources */,
				39EBD44228BF70150073128E /* Frameworks */,
				39EBD44328BF70150073128E /* Resources */,
			);
			buildRules = (
			);
			dependencies = (
				39EBD44C28BF70150073128E /* PBXTargetDependency */,
			);
			name = native_ios_appUITests;
			productName = native_ios_appUITests;
			productReference = 39EBD44528BF70150073128E /* native_ios_appUITests.xctest */;
			productType = "com.apple.product-type.bundle.ui-testing";
		};
/* End PBXNativeTarget section */

/* Begin PBXProject section */
		39EBD40028BF6DFE0073128E /* Project object */ = {
			isa = PBXProject;
			attributes = {
				BuildIndependentTargetsInParallel = 1;
				LastSwiftUpdateCheck = 1340;
				LastUpgradeCheck = 1340;
				TargetAttributes = {
					3906247928C9EA55002CDD1C = {
						CreatedOnToolsVersion = 13.4.1;
						TestTargetID = 39EBD40B28BF6DFF0073128E;
					};
					39EBD40B28BF6DFF0073128E = {
						CreatedOnToolsVersion = 13.4.1;
					};
					39EBD41128BF6DFF0073128E = {
						CreatedOnToolsVersion = 13.4.1;
					};
					39EBD41828BF6DFF0073128E = {
						CreatedOnToolsVersion = 13.4.1;
						TestTargetID = 39EBD40B28BF6DFF0073128E;
					};
					39EBD42428BF6DFF0073128E = {
						CreatedOnToolsVersion = 13.4.1;
						TestTargetID = 39EBD41128BF6DFF0073128E;
					};
					39EBD44428BF70150073128E = {
						CreatedOnToolsVersion = 13.4.1;
						TestTargetID = 39EBD40B28BF6DFF0073128E;
					};
				};
			};
			buildConfigurationList = 39EBD40328BF6DFE0073128E /* Build configuration list for PBXProject "native_ios_app" */;
			compatibilityVersion = "Xcode 13.0";
			developmentRegion = en;
			hasScannedForEncodings = 0;
			knownRegions = (
				en,
				Base,
			);
			mainGroup = 39EBD3FF28BF6DFE0073128E;
			productRefGroup = 39EBD40D28BF6DFF0073128E /* Products */;
			projectDirPath = "";
			projectRoot = "";
			targets = (
				39EBD40B28BF6DFF0073128E /* native_ios_app (iOS) */,
				39EBD41128BF6DFF0073128E /* native_ios_app (macOS) */,
				39EBD41828BF6DFF0073128E /* Tests iOS */,
				39EBD42428BF6DFF0073128E /* Tests macOS */,
				39EBD44428BF70150073128E /* native_ios_appUITests */,
				3906247928C9EA55002CDD1C /* RunnerTests */,
			);
		};
/* End PBXProject section */

/* Begin PBXResourcesBuildPhase section */
		3906247828C9EA55002CDD1C /* Resources */ = {
			isa = PBXResourcesBuildPhase;
			buildActionMask = 2147483647;
			files = (
			);
			runOnlyForDeploymentPostprocessing = 0;
		};
		39EBD40A28BF6DFF0073128E /* Resources */ = {
			isa = PBXResourcesBuildPhase;
			buildActionMask = 2147483647;
			files = (
				39EBD43128BF6DFF0073128E /* Assets.xcassets in Resources */,
			);
			runOnlyForDeploymentPostprocessing = 0;
		};
		39EBD41028BF6DFF0073128E /* Resources */ = {
			isa = PBXResourcesBuildPhase;
			buildActionMask = 2147483647;
			files = (
				39EBD43228BF6DFF0073128E /* Assets.xcassets in Resources */,
			);
			runOnlyForDeploymentPostprocessing = 0;
		};
		39EBD41728BF6DFF0073128E /* Resources */ = {
			isa = PBXResourcesBuildPhase;
			buildActionMask = 2147483647;
			files = (
			);
			runOnlyForDeploymentPostprocessing = 0;
		};
		39EBD42328BF6DFF0073128E /* Resources */ = {
			isa = PBXResourcesBuildPhase;
			buildActionMask = 2147483647;
			files = (
			);
			runOnlyForDeploymentPostprocessing = 0;
		};
		39EBD44328BF70150073128E /* Resources */ = {
			isa = PBXResourcesBuildPhase;
			buildActionMask = 2147483647;
			files = (
			);
			runOnlyForDeploymentPostprocessing = 0;
		};
/* End PBXResourcesBuildPhase section */

/* Begin PBXShellScriptBuildPhase section */
		E3B2DD53F14D595AB4C6F104 /* [CP] Check Pods Manifest.lock */ = {
			isa = PBXShellScriptBuildPhase;
			buildActionMask = 2147483647;
			files = (
			);
			inputFileListPaths = (
			);
			inputPaths = (
				"${PODS_PODFILE_DIR_PATH}/Podfile.lock",
				"${PODS_ROOT}/Manifest.lock",
			);
			name = "[CP] Check Pods Manifest.lock";
			outputFileListPaths = (
			);
			outputPaths = (
				"$(DERIVED_FILE_DIR)/Pods-native_ios_app (iOS)-checkManifestLockResult.txt",
			);
			runOnlyForDeploymentPostprocessing = 0;
			shellPath = /bin/sh;
			shellScript = "diff \"${PODS_PODFILE_DIR_PATH}/Podfile.lock\" \"${PODS_ROOT}/Manifest.lock\" > /dev/null\nif [ $? != 0 ] ; then\n    # print error to STDERR\n    echo \"error: The sandbox is not in sync with the Podfile.lock. Run 'pod install' or update your CocoaPods installation.\" >&2\n    exit 1\nfi\n# This output is used by Xcode 'outputs' to avoid re-running this script phase.\necho \"SUCCESS\" > \"${SCRIPT_OUTPUT_FILE_0}\"\n";
			showEnvVarsInLog = 0;
		};
		FF3EEE2DEEA7AA6E96A464B5 /* [CP] Check Pods Manifest.lock */ = {
			isa = PBXShellScriptBuildPhase;
			buildActionMask = 2147483647;
			files = (
			);
			inputFileListPaths = (
			);
			inputPaths = (
				"${PODS_PODFILE_DIR_PATH}/Podfile.lock",
				"${PODS_ROOT}/Manifest.lock",
			);
			name = "[CP] Check Pods Manifest.lock";
			outputFileListPaths = (
			);
			outputPaths = (
				"$(DERIVED_FILE_DIR)/Pods-native_ios_app (macOS)-checkManifestLockResult.txt",
			);
			runOnlyForDeploymentPostprocessing = 0;
			shellPath = /bin/sh;
			shellScript = "diff \"${PODS_PODFILE_DIR_PATH}/Podfile.lock\" \"${PODS_ROOT}/Manifest.lock\" > /dev/null\nif [ $? != 0 ] ; then\n    # print error to STDERR\n    echo \"error: The sandbox is not in sync with the Podfile.lock. Run 'pod install' or update your CocoaPods installation.\" >&2\n    exit 1\nfi\n# This output is used by Xcode 'outputs' to avoid re-running this script phase.\necho \"SUCCESS\" > \"${SCRIPT_OUTPUT_FILE_0}\"\n";
			showEnvVarsInLog = 0;
		};
/* End PBXShellScriptBuildPhase section */

/* Begin PBXSourcesBuildPhase section */
		3906247628C9EA55002CDD1C /* Sources */ = {
			isa = PBXSourcesBuildPhase;
			buildActionMask = 2147483647;
			files = (
				3906247F28C9EA55002CDD1C /* RunnerTestsLaunchTests.m in Sources */,
				3906247D28C9EA55002CDD1C /* RunnerTests.m in Sources */,
			);
			runOnlyForDeploymentPostprocessing = 0;
		};
		39EBD40828BF6DFF0073128E /* Sources */ = {
			isa = PBXSourcesBuildPhase;
			buildActionMask = 2147483647;
			files = (
				39EBD42F28BF6DFF0073128E /* ContentView.swift in Sources */,
				39EBD42D28BF6DFF0073128E /* native_ios_appApp.swift in Sources */,
			);
			runOnlyForDeploymentPostprocessing = 0;
		};
		39EBD40E28BF6DFF0073128E /* Sources */ = {
			isa = PBXSourcesBuildPhase;
			buildActionMask = 2147483647;
			files = (
				39EBD43028BF6DFF0073128E /* ContentView.swift in Sources */,
				39EBD42E28BF6DFF0073128E /* native_ios_appApp.swift in Sources */,
			);
			runOnlyForDeploymentPostprocessing = 0;
		};
		39EBD41528BF6DFF0073128E /* Sources */ = {
			isa = PBXSourcesBuildPhase;
			buildActionMask = 2147483647;
			files = (
				39EBD42028BF6DFF0073128E /* Tests_iOSLaunchTests.swift in Sources */,
				39EBD41E28BF6DFF0073128E /* Tests_iOS.swift in Sources */,
			);
			runOnlyForDeploymentPostprocessing = 0;
		};
		39EBD42128BF6DFF0073128E /* Sources */ = {
			isa = PBXSourcesBuildPhase;
			buildActionMask = 2147483647;
			files = (
				39EBD42C28BF6DFF0073128E /* Tests_macOSLaunchTests.swift in Sources */,
				39EBD42A28BF6DFF0073128E /* Tests_macOS.swift in Sources */,
			);
			runOnlyForDeploymentPostprocessing = 0;
		};
		39EBD44128BF70150073128E /* Sources */ = {
			isa = PBXSourcesBuildPhase;
			buildActionMask = 2147483647;
			files = (
				39EBD44828BF70150073128E /* native_ios_appUITests.swift in Sources */,
				39EBD44A28BF70150073128E /* native_ios_appUITestsLaunchTests.swift in Sources */,
			);
			runOnlyForDeploymentPostprocessing = 0;
		};
/* End PBXSourcesBuildPhase section */

/* Begin PBXTargetDependency section */
		3906248128C9EA55002CDD1C /* PBXTargetDependency */ = {
			isa = PBXTargetDependency;
			target = 39EBD40B28BF6DFF0073128E /* native_ios_app (iOS) */;
			targetProxy = 3906248028C9EA55002CDD1C /* PBXContainerItemProxy */;
		};
		39EBD41B28BF6DFF0073128E /* PBXTargetDependency */ = {
			isa = PBXTargetDependency;
			target = 39EBD40B28BF6DFF0073128E /* native_ios_app (iOS) */;
			targetProxy = 39EBD41A28BF6DFF0073128E /* PBXContainerItemProxy */;
		};
		39EBD42728BF6DFF0073128E /* PBXTargetDependency */ = {
			isa = PBXTargetDependency;
			target = 39EBD41128BF6DFF0073128E /* native_ios_app (macOS) */;
			targetProxy = 39EBD42628BF6DFF0073128E /* PBXContainerItemProxy */;
		};
		39EBD44C28BF70150073128E /* PBXTargetDependency */ = {
			isa = PBXTargetDependency;
			target = 39EBD40B28BF6DFF0073128E /* native_ios_app (iOS) */;
			targetProxy = 39EBD44B28BF70150073128E /* PBXContainerItemProxy */;
		};
/* End PBXTargetDependency section */

/* Begin XCBuildConfiguration section */
		3906248228C9EA55002CDD1C /* Debug */ = {
			isa = XCBuildConfiguration;
			buildSettings = {
				ALWAYS_EMBED_SWIFT_STANDARD_LIBRARIES = YES;
				CODE_SIGN_STYLE = Automatic;
				CURRENT_PROJECT_VERSION = 1;
				DEVELOPMENT_TEAM = X8NNQ9CYL2;
				GENERATE_INFOPLIST_FILE = YES;
				IPHONEOS_DEPLOYMENT_TARGET = 14.7;
				MARKETING_VERSION = 1.0;
				PRODUCT_BUNDLE_IDENTIFIER = com.mars.RunnerTests;
				PRODUCT_NAME = "$(TARGET_NAME)";
				SDKROOT = iphoneos;
				SWIFT_EMIT_LOC_STRINGS = NO;
				TARGETED_DEVICE_FAMILY = "1,2";
				TEST_TARGET_NAME = "native_ios_app (iOS)";
			};
			name = Debug;
		};
		3906248328C9EA55002CDD1C /* Release */ = {
			isa = XCBuildConfiguration;
			buildSettings = {
				ALWAYS_EMBED_SWIFT_STANDARD_LIBRARIES = YES;
				CODE_SIGN_STYLE = Automatic;
				CURRENT_PROJECT_VERSION = 1;
				DEVELOPMENT_TEAM = X8NNQ9CYL2;
				GENERATE_INFOPLIST_FILE = YES;
				IPHONEOS_DEPLOYMENT_TARGET = 14.7;
				MARKETING_VERSION = 1.0;
				PRODUCT_BUNDLE_IDENTIFIER = com.mars.RunnerTests;
				PRODUCT_NAME = "$(TARGET_NAME)";
				SDKROOT = iphoneos;
				SWIFT_EMIT_LOC_STRINGS = NO;
				TARGETED_DEVICE_FAMILY = "1,2";
				TEST_TARGET_NAME = "native_ios_app (iOS)";
				VALIDATE_PRODUCT = YES;
			};
			name = Release;
		};
		39EBD43328BF6DFF0073128E /* Debug */ = {
			isa = XCBuildConfiguration;
			buildSettings = {
				ALWAYS_SEARCH_USER_PATHS = NO;
				CLANG_ANALYZER_NONNULL = YES;
				CLANG_ANALYZER_NUMBER_OBJECT_CONVERSION = YES_AGGRESSIVE;
				CLANG_CXX_LANGUAGE_STANDARD = "gnu++17";
				CLANG_ENABLE_MODULES = YES;
				CLANG_ENABLE_OBJC_ARC = YES;
				CLANG_ENABLE_OBJC_WEAK = YES;
				CLANG_WARN_BLOCK_CAPTURE_AUTORELEASING = YES;
				CLANG_WARN_BOOL_CONVERSION = YES;
				CLANG_WARN_COMMA = YES;
				CLANG_WARN_CONSTANT_CONVERSION = YES;
				CLANG_WARN_DEPRECATED_OBJC_IMPLEMENTATIONS = YES;
				CLANG_WARN_DIRECT_OBJC_ISA_USAGE = YES_ERROR;
				CLANG_WARN_DOCUMENTATION_COMMENTS = YES;
				CLANG_WARN_EMPTY_BODY = YES;
				CLANG_WARN_ENUM_CONVERSION = YES;
				CLANG_WARN_INFINITE_RECURSION = YES;
				CLANG_WARN_INT_CONVERSION = YES;
				CLANG_WARN_NON_LITERAL_NULL_CONVERSION = YES;
				CLANG_WARN_OBJC_IMPLICIT_RETAIN_SELF = YES;
				CLANG_WARN_OBJC_LITERAL_CONVERSION = YES;
				CLANG_WARN_OBJC_ROOT_CLASS = YES_ERROR;
				CLANG_WARN_QUOTED_INCLUDE_IN_FRAMEWORK_HEADER = YES;
				CLANG_WARN_RANGE_LOOP_ANALYSIS = YES;
				CLANG_WARN_STRICT_PROTOTYPES = YES;
				CLANG_WARN_SUSPICIOUS_MOVE = YES;
				CLANG_WARN_UNGUARDED_AVAILABILITY = YES_AGGRESSIVE;
				CLANG_WARN_UNREACHABLE_CODE = YES;
				CLANG_WARN__DUPLICATE_METHOD_MATCH = YES;
				COPY_PHASE_STRIP = NO;
				DEBUG_INFORMATION_FORMAT = dwarf;
				ENABLE_STRICT_OBJC_MSGSEND = YES;
				ENABLE_TESTABILITY = YES;
				GCC_C_LANGUAGE_STANDARD = gnu11;
				GCC_DYNAMIC_NO_PIC = NO;
				GCC_NO_COMMON_BLOCKS = YES;
				GCC_OPTIMIZATION_LEVEL = 0;
				GCC_PREPROCESSOR_DEFINITIONS = (
					"DEBUG=1",
					"$(inherited)",
				);
				GCC_WARN_64_TO_32_BIT_CONVERSION = YES;
				GCC_WARN_ABOUT_RETURN_TYPE = YES_ERROR;
				GCC_WARN_UNDECLARED_SELECTOR = YES;
				GCC_WARN_UNINITIALIZED_AUTOS = YES_AGGRESSIVE;
				GCC_WARN_UNUSED_FUNCTION = YES;
				GCC_WARN_UNUSED_VARIABLE = YES;
				MTL_ENABLE_DEBUG_INFO = INCLUDE_SOURCE;
				MTL_FAST_MATH = YES;
				ONLY_ACTIVE_ARCH = YES;
				SWIFT_ACTIVE_COMPILATION_CONDITIONS = DEBUG;
				SWIFT_OPTIMIZATION_LEVEL = "-Onone";
			};
			name = Debug;
		};
		39EBD43428BF6DFF0073128E /* Release */ = {
			isa = XCBuildConfiguration;
			buildSettings = {
				ALWAYS_SEARCH_USER_PATHS = NO;
				CLANG_ANALYZER_NONNULL = YES;
				CLANG_ANALYZER_NUMBER_OBJECT_CONVERSION = YES_AGGRESSIVE;
				CLANG_CXX_LANGUAGE_STANDARD = "gnu++17";
				CLANG_ENABLE_MODULES = YES;
				CLANG_ENABLE_OBJC_ARC = YES;
				CLANG_ENABLE_OBJC_WEAK = YES;
				CLANG_WARN_BLOCK_CAPTURE_AUTORELEASING = YES;
				CLANG_WARN_BOOL_CONVERSION = YES;
				CLANG_WARN_COMMA = YES;
				CLANG_WARN_CONSTANT_CONVERSION = YES;
				CLANG_WARN_DEPRECATED_OBJC_IMPLEMENTATIONS = YES;
				CLANG_WARN_DIRECT_OBJC_ISA_USAGE = YES_ERROR;
				CLANG_WARN_DOCUMENTATION_COMMENTS = YES;
				CLANG_WARN_EMPTY_BODY = YES;
				CLANG_WARN_ENUM_CONVERSION = YES;
				CLANG_WARN_INFINITE_RECURSION = YES;
				CLANG_WARN_INT_CONVERSION = YES;
				CLANG_WARN_NON_LITERAL_NULL_CONVERSION = YES;
				CLANG_WARN_OBJC_IMPLICIT_RETAIN_SELF = YES;
				CLANG_WARN_OBJC_LITERAL_CONVERSION = YES;
				CLANG_WARN_OBJC_ROOT_CLASS = YES_ERROR;
				CLANG_WARN_QUOTED_INCLUDE_IN_FRAMEWORK_HEADER = YES;
				CLANG_WARN_RANGE_LOOP_ANALYSIS = YES;
				CLANG_WARN_STRICT_PROTOTYPES = YES;
				CLANG_WARN_SUSPICIOUS_MOVE = YES;
				CLANG_WARN_UNGUARDED_AVAILABILITY = YES_AGGRESSIVE;
				CLANG_WARN_UNREACHABLE_CODE = YES;
				CLANG_WARN__DUPLICATE_METHOD_MATCH = YES;
				COPY_PHASE_STRIP = NO;
				DEBUG_INFORMATION_FORMAT = "dwarf-with-dsym";
				ENABLE_NS_ASSERTIONS = NO;
				ENABLE_STRICT_OBJC_MSGSEND = YES;
				GCC_C_LANGUAGE_STANDARD = gnu11;
				GCC_NO_COMMON_BLOCKS = YES;
				GCC_WARN_64_TO_32_BIT_CONVERSION = YES;
				GCC_WARN_ABOUT_RETURN_TYPE = YES_ERROR;
				GCC_WARN_UNDECLARED_SELECTOR = YES;
				GCC_WARN_UNINITIALIZED_AUTOS = YES_AGGRESSIVE;
				GCC_WARN_UNUSED_FUNCTION = YES;
				GCC_WARN_UNUSED_VARIABLE = YES;
				MTL_ENABLE_DEBUG_INFO = NO;
				MTL_FAST_MATH = YES;
				SWIFT_COMPILATION_MODE = wholemodule;
				SWIFT_OPTIMIZATION_LEVEL = "-O";
			};
			name = Release;
		};
		39EBD43628BF6DFF0073128E /* Debug */ = {
			isa = XCBuildConfiguration;
			baseConfigurationReference = 9EEDE8DD09FFF960B4A1F033 /* Pods-native_ios_app (iOS).debug.xcconfig */;
			buildSettings = {
				ASSETCATALOG_COMPILER_APPICON_NAME = AppIcon;
				ASSETCATALOG_COMPILER_GLOBAL_ACCENT_COLOR_NAME = AccentColor;
				CODE_SIGN_STYLE = Automatic;
				CURRENT_PROJECT_VERSION = 1;
				DEVELOPMENT_TEAM = X8NNQ9CYL2;
				ENABLE_PREVIEWS = YES;
				GENERATE_INFOPLIST_FILE = YES;
				INFOPLIST_KEY_UIApplicationSceneManifest_Generation = YES;
				INFOPLIST_KEY_UIApplicationSupportsIndirectInputEvents = YES;
				INFOPLIST_KEY_UILaunchScreen_Generation = YES;
				INFOPLIST_KEY_UISupportedInterfaceOrientations_iPad = "UIInterfaceOrientationPortrait UIInterfaceOrientationPortraitUpsideDown UIInterfaceOrientationLandscapeLeft UIInterfaceOrientationLandscapeRight";
				INFOPLIST_KEY_UISupportedInterfaceOrientations_iPhone = "UIInterfaceOrientationPortrait UIInterfaceOrientationLandscapeLeft UIInterfaceOrientationLandscapeRight";
				IPHONEOS_DEPLOYMENT_TARGET = 14.7;
				LD_RUNPATH_SEARCH_PATHS = (
					"$(inherited)",
					"@executable_path/Frameworks",
				);
				MARKETING_VERSION = 1.0;
				PRODUCT_BUNDLE_IDENTIFIER = "com.mars.native-ios-app";
				PRODUCT_NAME = native_ios_app;
				SDKROOT = iphoneos;
				SWIFT_EMIT_LOC_STRINGS = YES;
				SWIFT_VERSION = 5.0;
				TARGETED_DEVICE_FAMILY = "1,2";
			};
			name = Debug;
		};
		39EBD43728BF6DFF0073128E /* Release */ = {
			isa = XCBuildConfiguration;
			baseConfigurationReference = BB2EB4BED0A1D1F9B9FBEED4 /* Pods-native_ios_app (iOS).release.xcconfig */;
			buildSettings = {
				ASSETCATALOG_COMPILER_APPICON_NAME = AppIcon;
				ASSETCATALOG_COMPILER_GLOBAL_ACCENT_COLOR_NAME = AccentColor;
				CODE_SIGN_STYLE = Automatic;
				CURRENT_PROJECT_VERSION = 1;
				DEVELOPMENT_TEAM = X8NNQ9CYL2;
				ENABLE_PREVIEWS = YES;
				GENERATE_INFOPLIST_FILE = YES;
				INFOPLIST_KEY_UIApplicationSceneManifest_Generation = YES;
				INFOPLIST_KEY_UIApplicationSupportsIndirectInputEvents = YES;
				INFOPLIST_KEY_UILaunchScreen_Generation = YES;
				INFOPLIST_KEY_UISupportedInterfaceOrientations_iPad = "UIInterfaceOrientationPortrait UIInterfaceOrientationPortraitUpsideDown UIInterfaceOrientationLandscapeLeft UIInterfaceOrientationLandscapeRight";
				INFOPLIST_KEY_UISupportedInterfaceOrientations_iPhone = "UIInterfaceOrientationPortrait UIInterfaceOrientationLandscapeLeft UIInterfaceOrientationLandscapeRight";
				IPHONEOS_DEPLOYMENT_TARGET = 14.7;
				LD_RUNPATH_SEARCH_PATHS = (
					"$(inherited)",
					"@executable_path/Frameworks",
				);
				MARKETING_VERSION = 1.0;
				PRODUCT_BUNDLE_IDENTIFIER = "com.mars.native-ios-app";
				PRODUCT_NAME = native_ios_app;
				SDKROOT = iphoneos;
				SWIFT_EMIT_LOC_STRINGS = YES;
				SWIFT_VERSION = 5.0;
				TARGETED_DEVICE_FAMILY = "1,2";
				VALIDATE_PRODUCT = YES;
			};
			name = Release;
		};
		39EBD43928BF6DFF0073128E /* Debug */ = {
			isa = XCBuildConfiguration;
			baseConfigurationReference = 46BAD23276C6DB34C4E7E91D /* Pods-native_ios_app (macOS).debug.xcconfig */;
			buildSettings = {
				ASSETCATALOG_COMPILER_APPICON_NAME = AppIcon;
				ASSETCATALOG_COMPILER_GLOBAL_ACCENT_COLOR_NAME = AccentColor;
				CODE_SIGN_ENTITLEMENTS = macOS/macOS.entitlements;
				CODE_SIGN_STYLE = Automatic;
				COMBINE_HIDPI_IMAGES = YES;
				CURRENT_PROJECT_VERSION = 1;
				DEVELOPMENT_TEAM = X8NNQ9CYL2;
				ENABLE_HARDENED_RUNTIME = YES;
				ENABLE_PREVIEWS = YES;
				GENERATE_INFOPLIST_FILE = YES;
				INFOPLIST_KEY_NSHumanReadableCopyright = "";
				LD_RUNPATH_SEARCH_PATHS = (
					"$(inherited)",
					"@executable_path/../Frameworks",
				);
				MACOSX_DEPLOYMENT_TARGET = 12.3;
				MARKETING_VERSION = 1.0;
				PRODUCT_BUNDLE_IDENTIFIER = "com.mars.native-ios-app";
				PRODUCT_NAME = native_ios_app;
				SDKROOT = macosx;
				SWIFT_EMIT_LOC_STRINGS = YES;
				SWIFT_VERSION = 5.0;
			};
			name = Debug;
		};
		39EBD43A28BF6DFF0073128E /* Release */ = {
			isa = XCBuildConfiguration;
			baseConfigurationReference = 860E70A7A73C6E4E7759570B /* Pods-native_ios_app (macOS).release.xcconfig */;
			buildSettings = {
				ASSETCATALOG_COMPILER_APPICON_NAME = AppIcon;
				ASSETCATALOG_COMPILER_GLOBAL_ACCENT_COLOR_NAME = AccentColor;
				CODE_SIGN_ENTITLEMENTS = macOS/macOS.entitlements;
				CODE_SIGN_STYLE = Automatic;
				COMBINE_HIDPI_IMAGES = YES;
				CURRENT_PROJECT_VERSION = 1;
				DEVELOPMENT_TEAM = X8NNQ9CYL2;
				ENABLE_HARDENED_RUNTIME = YES;
				ENABLE_PREVIEWS = YES;
				GENERATE_INFOPLIST_FILE = YES;
				INFOPLIST_KEY_NSHumanReadableCopyright = "";
				LD_RUNPATH_SEARCH_PATHS = (
					"$(inherited)",
					"@executable_path/../Frameworks",
				);
				MACOSX_DEPLOYMENT_TARGET = 12.3;
				MARKETING_VERSION = 1.0;
				PRODUCT_BUNDLE_IDENTIFIER = "com.mars.native-ios-app";
				PRODUCT_NAME = native_ios_app;
				SDKROOT = macosx;
				SWIFT_EMIT_LOC_STRINGS = YES;
				SWIFT_VERSION = 5.0;
			};
			name = Release;
		};
		39EBD43C28BF6DFF0073128E /* Debug */ = {
			isa = XCBuildConfiguration;
			buildSettings = {
				ALWAYS_EMBED_SWIFT_STANDARD_LIBRARIES = YES;
				CODE_SIGN_STYLE = Automatic;
				CURRENT_PROJECT_VERSION = 1;
				DEVELOPMENT_TEAM = X8NNQ9CYL2;
				GENERATE_INFOPLIST_FILE = YES;
				IPHONEOS_DEPLOYMENT_TARGET = 14.7;
				MARKETING_VERSION = 1.0;
				PRODUCT_BUNDLE_IDENTIFIER = "com.mars.Tests-iOS";
				PRODUCT_NAME = "$(TARGET_NAME)";
				SDKROOT = iphoneos;
				SWIFT_EMIT_LOC_STRINGS = NO;
				SWIFT_VERSION = 5.0;
				TARGETED_DEVICE_FAMILY = "1,2";
				TEST_TARGET_NAME = "native_ios_app (iOS)";
			};
			name = Debug;
		};
		39EBD43D28BF6DFF0073128E /* Release */ = {
			isa = XCBuildConfiguration;
			buildSettings = {
				ALWAYS_EMBED_SWIFT_STANDARD_LIBRARIES = YES;
				CODE_SIGN_STYLE = Automatic;
				CURRENT_PROJECT_VERSION = 1;
				DEVELOPMENT_TEAM = X8NNQ9CYL2;
				GENERATE_INFOPLIST_FILE = YES;
				IPHONEOS_DEPLOYMENT_TARGET = 14.7;
				MARKETING_VERSION = 1.0;
				PRODUCT_BUNDLE_IDENTIFIER = "com.mars.Tests-iOS";
				PRODUCT_NAME = "$(TARGET_NAME)";
				SDKROOT = iphoneos;
				SWIFT_EMIT_LOC_STRINGS = NO;
				SWIFT_VERSION = 5.0;
				TARGETED_DEVICE_FAMILY = "1,2";
				TEST_TARGET_NAME = "native_ios_app (iOS)";
				VALIDATE_PRODUCT = YES;
			};
			name = Release;
		};
		39EBD43F28BF6DFF0073128E /* Debug */ = {
			isa = XCBuildConfiguration;
			buildSettings = {
				ALWAYS_EMBED_SWIFT_STANDARD_LIBRARIES = YES;
				CODE_SIGN_STYLE = Automatic;
				CURRENT_PROJECT_VERSION = 1;
				DEVELOPMENT_TEAM = X8NNQ9CYL2;
				GENERATE_INFOPLIST_FILE = YES;
				MACOSX_DEPLOYMENT_TARGET = 12.3;
				MARKETING_VERSION = 1.0;
				PRODUCT_BUNDLE_IDENTIFIER = "com.mars.Tests-macOS";
				PRODUCT_NAME = "$(TARGET_NAME)";
				SDKROOT = macosx;
				SWIFT_EMIT_LOC_STRINGS = NO;
				SWIFT_VERSION = 5.0;
				TEST_TARGET_NAME = "native_ios_app (macOS)";
			};
			name = Debug;
		};
		39EBD44028BF6DFF0073128E /* Release */ = {
			isa = XCBuildConfiguration;
			buildSettings = {
				ALWAYS_EMBED_SWIFT_STANDARD_LIBRARIES = YES;
				CODE_SIGN_STYLE = Automatic;
				CURRENT_PROJECT_VERSION = 1;
				DEVELOPMENT_TEAM = X8NNQ9CYL2;
				GENERATE_INFOPLIST_FILE = YES;
				MACOSX_DEPLOYMENT_TARGET = 12.3;
				MARKETING_VERSION = 1.0;
				PRODUCT_BUNDLE_IDENTIFIER = "com.mars.Tests-macOS";
				PRODUCT_NAME = "$(TARGET_NAME)";
				SDKROOT = macosx;
				SWIFT_EMIT_LOC_STRINGS = NO;
				SWIFT_VERSION = 5.0;
				TEST_TARGET_NAME = "native_ios_app (macOS)";
			};
			name = Release;
		};
		39EBD44D28BF70150073128E /* Debug */ = {
			isa = XCBuildConfiguration;
			buildSettings = {
				CODE_SIGN_STYLE = Automatic;
				CURRENT_PROJECT_VERSION = 1;
				DEVELOPMENT_TEAM = X8NNQ9CYL2;
				GENERATE_INFOPLIST_FILE = YES;
				IPHONEOS_DEPLOYMENT_TARGET = 14.7;
				MARKETING_VERSION = 1.0;
				PRODUCT_BUNDLE_IDENTIFIER = "com.mars.native-ios-appUITests";
				PRODUCT_NAME = "$(TARGET_NAME)";
				SDKROOT = iphoneos;
				SWIFT_EMIT_LOC_STRINGS = NO;
				SWIFT_VERSION = 5.0;
				TARGETED_DEVICE_FAMILY = "1,2";
				TEST_TARGET_NAME = "native_ios_app (iOS)";
			};
			name = Debug;
		};
		39EBD44E28BF70150073128E /* Release */ = {
			isa = XCBuildConfiguration;
			buildSettings = {
				CODE_SIGN_STYLE = Automatic;
				CURRENT_PROJECT_VERSION = 1;
				DEVELOPMENT_TEAM = X8NNQ9CYL2;
				GENERATE_INFOPLIST_FILE = YES;
				IPHONEOS_DEPLOYMENT_TARGET = 14.7;
				MARKETING_VERSION = 1.0;
				PRODUCT_BUNDLE_IDENTIFIER = "com.mars.native-ios-appUITests";
				PRODUCT_NAME = "$(TARGET_NAME)";
				SDKROOT = iphoneos;
				SWIFT_EMIT_LOC_STRINGS = NO;
				SWIFT_VERSION = 5.0;
				TARGETED_DEVICE_FAMILY = "1,2";
				TEST_TARGET_NAME = "native_ios_app (iOS)";
				VALIDATE_PRODUCT = YES;
			};
			name = Release;
		};
/* End XCBuildConfiguration section */

/* Begin XCConfigurationList section */
		3906248428C9EA55002CDD1C /* Build configuration list for PBXNativeTarget "RunnerTests" */ = {
			isa = XCConfigurationList;
			buildConfigurations = (
				3906248228C9EA55002CDD1C /* Debug */,
				3906248328C9EA55002CDD1C /* Release */,
			);
			defaultConfigurationIsVisible = 0;
			defaultConfigurationName = Release;
		};
		39EBD40328BF6DFE0073128E /* Build configuration list for PBXProject "native_ios_app" */ = {
			isa = XCConfigurationList;
			buildConfigurations = (
				39EBD43328BF6DFF0073128E /* Debug */,
				39EBD43428BF6DFF0073128E /* Release */,
			);
			defaultConfigurationIsVisible = 0;
			defaultConfigurationName = Release;
		};
		39EBD43528BF6DFF0073128E /* Build configuration list for PBXNativeTarget "native_ios_app (iOS)" */ = {
			isa = XCConfigurationList;
			buildConfigurations = (
				39EBD43628BF6DFF0073128E /* Debug */,
				39EBD43728BF6DFF0073128E /* Release */,
			);
			defaultConfigurationIsVisible = 0;
			defaultConfigurationName = Release;
		};
		39EBD43828BF6DFF0073128E /* Build configuration list for PBXNativeTarget "native_ios_app (macOS)" */ = {
			isa = XCConfigurationList;
			buildConfigurations = (
				39EBD43928BF6DFF0073128E /* Debug */,
				39EBD43A28BF6DFF0073128E /* Release */,
			);
			defaultConfigurationIsVisible = 0;
			defaultConfigurationName = Release;
		};
		39EBD43B28BF6DFF0073128E /* Build configuration list for PBXNativeTarget "Tests iOS" */ = {
			isa = XCConfigurationList;
			buildConfigurations = (
				39EBD43C28BF6DFF0073128E /* Debug */,
				39EBD43D28BF6DFF0073128E /* Release */,
			);
			defaultConfigurationIsVisible = 0;
			defaultConfigurationName = Release;
		};
		39EBD43E28BF6DFF0073128E /* Build configuration list for PBXNativeTarget "Tests macOS" */ = {
			isa = XCConfigurationList;
			buildConfigurations = (
				39EBD43F28BF6DFF0073128E /* Debug */,
				39EBD44028BF6DFF0073128E /* Release */,
			);
			defaultConfigurationIsVisible = 0;
			defaultConfigurationName = Release;
		};
		39EBD44F28BF70150073128E /* Build configuration list for PBXNativeTarget "native_ios_appUITests" */ = {
			isa = XCConfigurationList;
			buildConfigurations = (
				39EBD44D28BF70150073128E /* Debug */,
				39EBD44E28BF70150073128E /* Release */,
			);
			defaultConfigurationIsVisible = 0;
			defaultConfigurationName = Release;
		};
/* End XCConfigurationList section */
	};
	rootObject = 39EBD40028BF6DFE0073128E /* Project object */;
}
